
Microsoft Visual Studio Solution File, Format Version 12.00
# Visual Studio Version 16
VisualStudioVersion = 16.0.30114.105
MinimumVisualStudioVersion = 10.0.40219.1
Project("{FAE04EC0-301F-11D3-BF4B-00C04F79EFBC}") = "EncryptionTool", "EncryptionTool.csproj", "{F65C060F-6DA6-4E21-9B16-44DD78BCF8EA}"
EndProject
Global
	GlobalSection(SolutionConfigurationPlatforms) = preSolution
		Debug|Any CPU = Debug|Any CPU
		Release|Any CPU = Release|Any CPU
	EndGlobalSection
	GlobalSection(ProjectConfigurationPlatforms) = postSolution
		{DB0ABE61-8EB3-4DDF-A278-C1A2ED704824}.Debug|Any CPU.ActiveCfg = Debug|Any CPU
		{DB0ABE61-8EB3-4DDF-A278-C1A2ED704824}.Debug|Any CPU.Build.0 = Debug|Any CPU
		{DB0ABE61-8EB3-4DDF-A278-C1A2ED704824}.Release|Any CPU.ActiveCfg = Release|Any CPU
		{DB0ABE61-8EB3-4DDF-A278-C1A2ED704824}.Release|Any CPU.Build.0 = Release|Any CPU
		{F65C060F-6DA6-4E21-9B16-44DD78BCF8EA}.Debug|Any CPU.ActiveCfg = Debug|Any CPU
		{F65C060F-6DA6-4E21-9B16-44DD78BCF8EA}.Debug|Any CPU.Build.0 = Debug|Any CPU
		{F65C060F-6DA6-4E21-9B16-44DD78BCF8EA}.Release|Any CPU.ActiveCfg = Release|Any CPU
		{F65C060F-6DA6-4E21-9B16-44DD78BCF8EA}.Release|Any CPU.Build.0 = Release|Any CPU
	EndGlobalSection
	GlobalSection(SolutionProperties) = preSolution
		HideSolutionNode = FALSE
	EndGlobalSection
	GlobalSection(ExtensibilityGlobals) = postSolution
		SolutionGuid = {0CF83DEF-D3C7-4EAC-A1FE-1BC59B4A6D44}
	EndGlobalSection
EndGlobal
